{
  "name": "e2e_examples",
  "version": "1.0.0",
  "lockfileVersion": 3,
  "requires": true,
  "packages": {
    "": {
      "name": "e2e_examples",
      "version": "1.0.0",
      "license": "MIT",
      "dependencies": {
        "fedi-well-known": "^0.3.0"
      }
    },
    "node_modules/fedi-well-known": {
      "version": "0.3.0",
      "resolved": "https://registry.npmjs.org/fedi-well-known/-/fedi-well-known-0.3.0.tgz",
      "integrity": "sha512-VBP82FJjAG8RO/VgDNU0vY5EBfZo85QXVo8aTIh1Wk7PpdO4wGkAEeDc+ZwXP+jOo3xAy3W21w0jNyZ/fVMaKA==",
      "license": "MIT"
    }
  }
}
